
Microsoft Visual Studio Solution File, Format Version 12.00
# Visual Studio Version 17
VisualStudioVersion = 17.2.32210.308
MinimumVisualStudioVersion = 10.0.40219.1
Project("{9A19103F-16F7-4668-BE54-9A1E7A4F7556}") = "OcrWaterMeter.Server", "OcrWaterMeter\Server\OcrWaterMeter.Server.csproj", "{4A5D8831-7570-42C6-9DCE-5DB2EBE6FF3B}"
EndProject
Project("{9A19103F-16F7-4668-BE54-9A1E7A4F7556}") = "OcrWaterMeter.Client", "OcrWaterMeter\Client\OcrWaterMeter.Client.csproj", "{2AFC0645-6396-4713-AD5E-F577E94A4F76}"
EndProject
Project("{9A19103F-16F7-4668-BE54-9A1E7A4F7556}") = "OcrWaterMeter.Shared", "OcrWaterMeter\Shared\OcrWaterMeter.Shared.csproj", "{AF825645-B1B8-49AC-A1CC-6814D2DCF0FD}"
EndProject
Project("{2150E333-8FDC-42A3-9474-1A3956D46DE8}") = "Solution Items", "Solution Items", "{2F7C5264-FB59-4524-B03A-B8DB0F406DE4}"
	ProjectSection(SolutionItems) = preProject
		.github\workflows\build-and-push-docker.yml = .github\workflows\build-and-push-docker.yml
		README.md = README.md
		.github\workflows\update-dockerhub-readme.yml = .github\workflows\update-dockerhub-readme.yml
	EndProjectSection
EndProject
Global
	GlobalSection(SolutionConfigurationPlatforms) = preSolution
		Debug|Any CPU = Debug|Any CPU
		Release|Any CPU = Release|Any CPU
	EndGlobalSection
	GlobalSection(ProjectConfigurationPlatforms) = postSolution
		{4A5D8831-7570-42C6-9DCE-5DB2EBE6FF3B}.Debug|Any CPU.ActiveCfg = Debug|Any CPU
		{4A5D8831-7570-42C6-9DCE-5DB2EBE6FF3B}.Debug|Any CPU.Build.0 = Debug|Any CPU
		{4A5D8831-7570-42C6-9DCE-5DB2EBE6FF3B}.Release|Any CPU.ActiveCfg = Release|Any CPU
		{4A5D8831-7570-42C6-9DCE-5DB2EBE6FF3B}.Release|Any CPU.Build.0 = Release|Any CPU
		{2AFC0645-6396-4713-AD5E-F577E94A4F76}.Debug|Any CPU.ActiveCfg = Debug|Any CPU
		{2AFC0645-6396-4713-AD5E-F577E94A4F76}.Debug|Any CPU.Build.0 = Debug|Any CPU
		{2AFC0645-6396-4713-AD5E-F577E94A4F76}.Release|Any CPU.ActiveCfg = Release|Any CPU
		{2AFC0645-6396-4713-AD5E-F577E94A4F76}.Release|Any CPU.Build.0 = Release|Any CPU
		{AF825645-B1B8-49AC-A1CC-6814D2DCF0FD}.Debug|Any CPU.ActiveCfg = Debug|Any CPU
		{AF825645-B1B8-49AC-A1CC-6814D2DCF0FD}.Debug|Any CPU.Build.0 = Debug|Any CPU
		{AF825645-B1B8-49AC-A1CC-6814D2DCF0FD}.Release|Any CPU.ActiveCfg = Release|Any CPU
		{AF825645-B1B8-49AC-A1CC-6814D2DCF0FD}.Release|Any CPU.Build.0 = Release|Any CPU
	EndGlobalSection
	GlobalSection(SolutionProperties) = preSolution
		HideSolutionNode = FALSE
	EndGlobalSection
	GlobalSection(ExtensibilityGlobals) = postSolution
		SolutionGuid = {E1E00B83-4F6E-40F2-8631-437E60A60B05}
	EndGlobalSection
EndGlobal
